
Microsoft Visual Studio Solution File, Format Version 12.00
# Visual Studio Version 17
VisualStudioVersion = 17.7.34031.279
MinimumVisualStudioVersion = 10.0.40219.1
Project("{FAE04EC0-301F-11D3-BF4B-00C04F79EFBC}") = "QuanLyDoanhNghiep", "QuanLyDoanhNghiep\QuanLyDoanhNghiep.csproj", "{B890348F-FC9B-4E1C-BA51-DB11122FC594}"
EndProject
Global
	GlobalSection(SolutionConfigurationPlatforms) = preSolution
		Debug|Any CPU = Debug|Any CPU
		Release|Any CPU = Release|Any CPU
	EndGlobalSection
	GlobalSection(ProjectConfigurationPlatforms) = postSolution
		{B890348F-FC9B-4E1C-BA51-DB11122FC594}.Debug|Any CPU.ActiveCfg = Debug|Any CPU
		{B890348F-FC9B-4E1C-BA51-DB11122FC594}.Debug|Any CPU.Build.0 = Debug|Any CPU
		{B890348F-FC9B-4E1C-BA51-DB11122FC594}.Release|Any CPU.ActiveCfg = Release|Any CPU
		{B890348F-FC9B-4E1C-BA51-DB11122FC594}.Release|Any CPU.Build.0 = Release|Any CPU
	EndGlobalSection
	GlobalSection(SolutionProperties) = preSolution
		HideSolutionNode = FALSE
	EndGlobalSection
	GlobalSection(ExtensibilityGlobals) = postSolution
		SolutionGuid = {2E3657B5-C9F5-46D4-B17E-449E2D6E2790}
	EndGlobalSection
EndGlobal
